# THIS IS AN AUTOGENERATED FILE. DO NOT EDIT THIS FILE DIRECTLY.
# yarn lockfile v1


bootstrap@^5.0.0-beta3:
  version "5.0.0-beta3"
  resolved "https://registry.yarnpkg.com/bootstrap/-/bootstrap-5.0.0-beta3.tgz#c959f61fbd03667a1b158f763856994859d7a465"
  integrity sha512-0urccjfIOzhrb9qJysN8XW/DRw6rg3zH7qLeKIp4Zyl8+Ens4JWB0NC0cB5AhnSFPd2tftRggjwCMxablo6Tpg==

popper.js@^1.16.1:
  version "1.16.1"
  resolved "https://registry.yarnpkg.com/popper.js/-/popper.js-1.16.1.tgz#2a223cb3dc7b6213d740e40372be40de43e65b1b"
  integrity sha512-Wb4p1J4zyFTbM+u6WuO4XstYx4Ky9Cewe4DWrel7B0w6VVICvPwdOpotjzcf6eD8TsckVnIMNONQyPIUFOUbCQ==

vazir-font@^30.1.0:
  version "30.1.0"
  resolved "https://registry.yarnpkg.com/vazir-font/-/vazir-font-30.1.0.tgz#68a86c31c17b9dcc9384e19f10f02331df97374c"
  integrity sha512-XN2Uprw/Q3QhAAApITykf+v0l4p4FpqvIh0h2XDSJRjwUiYeDpwQxECQF/93ZOCDO2t8haBi6BZZqO8sifYNRg==
